
Microsoft Visual Studio Solution File, Format Version 12.00
# Visual Studio 15
VisualStudioVersion = 15.0.27004.2002
MinimumVisualStudioVersion = 10.0.40219.1
Project("{FAE04EC0-301F-11D3-BF4B-00C04F79EFBC}") = "MovieLiveApi", "MovieLiveApi\MovieLiveApi.csproj", "{B4E7041D-F9A8-4767-B8FB-2728BB3EFD2C}"
EndProject
Project("{FAE04EC0-301F-11D3-BF4B-00C04F79EFBC}") = "MovieLiveApi.Tests", "MovieLiveApi.Tests\MovieLiveApi.Tests.csproj", "{13337A27-8AF3-41CE-B9CC-74E3617410C2}"
EndProject
Project("{FAE04EC0-301F-11D3-BF4B-00C04F79EFBC}") = "MovieLive.Models", "MovieLive.Models\MovieLive.Models.csproj", "{0CFCDB30-D97C-4AA4-9449-F3813056F9BF}"
EndProject
Project("{FAE04EC0-301F-11D3-BF4B-00C04F79EFBC}") = "MovieLive.Data", "MovieLive.Data\MovieLive.Data.csproj", "{AEAE1932-32F8-42A0-A767-40908D8EEBBC}"
EndProject
Global
	GlobalSection(SolutionConfigurationPlatforms) = preSolution
		Debug|Any CPU = Debug|Any CPU
		Release|Any CPU = Release|Any CPU
	EndGlobalSection
	GlobalSection(ProjectConfigurationPlatforms) = postSolution
		{B4E7041D-F9A8-4767-B8FB-2728BB3EFD2C}.Debug|Any CPU.ActiveCfg = Debug|Any CPU
		{B4E7041D-F9A8-4767-B8FB-2728BB3EFD2C}.Debug|Any CPU.Build.0 = Debug|Any CPU
		{B4E7041D-F9A8-4767-B8FB-2728BB3EFD2C}.Release|Any CPU.ActiveCfg = Release|Any CPU
		{B4E7041D-F9A8-4767-B8FB-2728BB3EFD2C}.Release|Any CPU.Build.0 = Release|Any CPU
		{13337A27-8AF3-41CE-B9CC-74E3617410C2}.Debug|Any CPU.ActiveCfg = Debug|Any CPU
		{13337A27-8AF3-41CE-B9CC-74E3617410C2}.Debug|Any CPU.Build.0 = Debug|Any CPU
		{13337A27-8AF3-41CE-B9CC-74E3617410C2}.Release|Any CPU.ActiveCfg = Release|Any CPU
		{13337A27-8AF3-41CE-B9CC-74E3617410C2}.Release|Any CPU.Build.0 = Release|Any CPU
		{0CFCDB30-D97C-4AA4-9449-F3813056F9BF}.Debug|Any CPU.ActiveCfg = Debug|Any CPU
		{0CFCDB30-D97C-4AA4-9449-F3813056F9BF}.Debug|Any CPU.Build.0 = Debug|Any CPU
		{0CFCDB30-D97C-4AA4-9449-F3813056F9BF}.Release|Any CPU.ActiveCfg = Release|Any CPU
		{0CFCDB30-D97C-4AA4-9449-F3813056F9BF}.Release|Any CPU.Build.0 = Release|Any CPU
		{AEAE1932-32F8-42A0-A767-40908D8EEBBC}.Debug|Any CPU.ActiveCfg = Debug|Any CPU
		{AEAE1932-32F8-42A0-A767-40908D8EEBBC}.Debug|Any CPU.Build.0 = Debug|Any CPU
		{AEAE1932-32F8-42A0-A767-40908D8EEBBC}.Release|Any CPU.ActiveCfg = Release|Any CPU
		{AEAE1932-32F8-42A0-A767-40908D8EEBBC}.Release|Any CPU.Build.0 = Release|Any CPU
	EndGlobalSection
	GlobalSection(SolutionProperties) = preSolution
		HideSolutionNode = FALSE
	EndGlobalSection
	GlobalSection(ExtensibilityGlobals) = postSolution
		SolutionGuid = {2F44FC69-C5D1-4FFB-9EA5-C584322B4BF7}
	EndGlobalSection
EndGlobal
